
Microsoft Visual Studio Solution File, Format Version 12.00
# Visual Studio 15
VisualStudioVersion = 15.0.28010.2048
MinimumVisualStudioVersion = 10.0.40219.1
Project("{FAE04EC0-301F-11D3-BF4B-00C04F79EFBC}") = "TwitchAuto", "TwitchAuto\TwitchAuto.csproj", "{E7B38B2F-68D9-47B1-BC0D-32BFE45AE5DB}"
EndProject
Global
	GlobalSection(SolutionConfigurationPlatforms) = preSolution
		Debug|Any CPU = Debug|Any CPU
		Debug|x64 = Debug|x64
		Debug|x86 = Debug|x86
		Release|Any CPU = Release|Any CPU
		Release|x64 = Release|x64
		Release|x86 = Release|x86
	EndGlobalSection
	GlobalSection(ProjectConfigurationPlatforms) = postSolution
		{E7B38B2F-68D9-47B1-BC0D-32BFE45AE5DB}.Debug|Any CPU.ActiveCfg = Debug|Any CPU
		{E7B38B2F-68D9-47B1-BC0D-32BFE45AE5DB}.Debug|Any CPU.Build.0 = Debug|Any CPU
		{E7B38B2F-68D9-47B1-BC0D-32BFE45AE5DB}.Debug|x64.ActiveCfg = Debug|x64
		{E7B38B2F-68D9-47B1-BC0D-32BFE45AE5DB}.Debug|x64.Build.0 = Debug|x64
		{E7B38B2F-68D9-47B1-BC0D-32BFE45AE5DB}.Debug|x86.ActiveCfg = Debug|Any CPU
		{E7B38B2F-68D9-47B1-BC0D-32BFE45AE5DB}.Debug|x86.Build.0 = Debug|Any CPU
		{E7B38B2F-68D9-47B1-BC0D-32BFE45AE5DB}.Release|Any CPU.ActiveCfg = Release|Any CPU
		{E7B38B2F-68D9-47B1-BC0D-32BFE45AE5DB}.Release|Any CPU.Build.0 = Release|Any CPU
		{E7B38B2F-68D9-47B1-BC0D-32BFE45AE5DB}.Release|x64.ActiveCfg = Debug|x64
		{E7B38B2F-68D9-47B1-BC0D-32BFE45AE5DB}.Release|x64.Build.0 = Debug|x64
		{E7B38B2F-68D9-47B1-BC0D-32BFE45AE5DB}.Release|x86.ActiveCfg = Release|x86
		{E7B38B2F-68D9-47B1-BC0D-32BFE45AE5DB}.Release|x86.Build.0 = Release|x86
	EndGlobalSection
	GlobalSection(SolutionProperties) = preSolution
		HideSolutionNode = FALSE
	EndGlobalSection
	GlobalSection(ExtensibilityGlobals) = postSolution
		SolutionGuid = {5F97CBB3-72B2-42DA-97F8-27A6F06BC043}
	EndGlobalSection
EndGlobal
